// !$*UTF8*$!
{
	archiveVersion = 1;
	classes = {
	};
	objectVersion = 50;
	objects = {

/* Begin PBXBuildFile section */
		09AEC89662888B62797390C6 /* Pods_LabScanUITests.framework in Frameworks */ = {isa = PBXBuildFile; fileRef = 1ED66BA5DC29DDEAFCEEC9EB /* Pods_LabScanUITests.framework */; };
		1502829022117BB800D79F9D /* ImagePreviewViewController.swift in Sources */ = {isa = PBXBuildFile; fileRef = 1502828F22117BB800D79F9D /* ImagePreviewViewController.swift */; };
		150282922211ABEB00D79F9D /* DetailCollection.swift in Sources */ = {isa = PBXBuildFile; fileRef = 150282912211ABEB00D79F9D /* DetailCollection.swift */; };
		150282962211AC2600D79F9D /* DetailCollectionCell.swift in Sources */ = {isa = PBXBuildFile; fileRef = 150282942211AC2600D79F9D /* DetailCollectionCell.swift */; };
		150282972211AC2600D79F9D /* DetailCollectionCell.xib in Resources */ = {isa = PBXBuildFile; fileRef = 150282952211AC2600D79F9D /* DetailCollectionCell.xib */; };
		150282992211BB9300D79F9D /* Colors.swift in Sources */ = {isa = PBXBuildFile; fileRef = 150282982211BB9300D79F9D /* Colors.swift */; };
		1502829B2211D6F600D79F9D /* CollectionData.swift in Sources */ = {isa = PBXBuildFile; fileRef = 1502829A2211D6F600D79F9D /* CollectionData.swift */; };
		1502829D22121D2000D79F9D /* ObjectData.swift in Sources */ = {isa = PBXBuildFile; fileRef = 1502829C22121D2000D79F9D /* ObjectData.swift */; };
		150282A222121E3F00D79F9D /* SearchObjectCell.swift in Sources */ = {isa = PBXBuildFile; fileRef = 150282A022121E3F00D79F9D /* SearchObjectCell.swift */; };
		150282A322121E3F00D79F9D /* SearchObjectCell.xib in Resources */ = {isa = PBXBuildFile; fileRef = 150282A122121E3F00D79F9D /* SearchObjectCell.xib */; };
		150282A52212202000D79F9D /* ObjectCell.swift in Sources */ = {isa = PBXBuildFile; fileRef = 150282A42212202000D79F9D /* ObjectCell.swift */; };
		150282A722122EFB00D79F9D /* CustomStringProtocol.swift in Sources */ = {isa = PBXBuildFile; fileRef = 150282A622122EFB00D79F9D /* CustomStringProtocol.swift */; };
		150727B521F15ED000667D13 /* TestAppViewController.swift in Sources */ = {isa = PBXBuildFile; fileRef = 150727B421F15ED000667D13 /* TestAppViewController.swift */; };
		152C5C5F22107AFB00811798 /* DetailDescription.swift in Sources */ = {isa = PBXBuildFile; fileRef = 152C5C5E22107AFB00811798 /* DetailDescription.swift */; };
		152C5C6122107FF100811798 /* CustomNavigationBar.swift in Sources */ = {isa = PBXBuildFile; fileRef = 152C5C6022107FF100811798 /* CustomNavigationBar.swift */; };
		152C5C6322108D1100811798 /* DetailImage.swift in Sources */ = {isa = PBXBuildFile; fileRef = 152C5C6222108D1100811798 /* DetailImage.swift */; };
		152C5C6722108EC100811798 /* DetailImageCell.swift in Sources */ = {isa = PBXBuildFile; fileRef = 152C5C6522108EC100811798 /* DetailImageCell.swift */; };
		152C5C6822108EC100811798 /* DetailImageCell.xib in Resources */ = {isa = PBXBuildFile; fileRef = 152C5C6622108EC100811798 /* DetailImageCell.xib */; };
		152C5C6B2210AD7D00811798 /* DetailMediaData.swift in Sources */ = {isa = PBXBuildFile; fileRef = 152C5C6A2210AD7D00811798 /* DetailMediaData.swift */; };
		152C5C6D2210B59700811798 /* CustomUIImageView.swift in Sources */ = {isa = PBXBuildFile; fileRef = 152C5C6C2210B59700811798 /* CustomUIImageView.swift */; };
		152CD244220F78D30011BCC0 /* DetailViewController.swift in Sources */ = {isa = PBXBuildFile; fileRef = 152CD243220F78D30011BCC0 /* DetailViewController.swift */; };
		152CD246221022840011BCC0 /* CustomUIscrollView.swift in Sources */ = {isa = PBXBuildFile; fileRef = 152CD245221022840011BCC0 /* CustomUIscrollView.swift */; };
		152CD25722103E200011BCC0 /* TableDetailTitle.swift in Sources */ = {isa = PBXBuildFile; fileRef = 152CD25622103E200011BCC0 /* TableDetailTitle.swift */; };
		157C6B4821EC5C39009DF69A /* AppDelegate.swift in Sources */ = {isa = PBXBuildFile; fileRef = 157C6B4721EC5C39009DF69A /* AppDelegate.swift */; };
		157C6B4A21EC5C39009DF69A /* ViewController.swift in Sources */ = {isa = PBXBuildFile; fileRef = 157C6B4921EC5C39009DF69A /* ViewController.swift */; };
		157C6B4D21EC5C39009DF69A /* Main.storyboard in Resources */ = {isa = PBXBuildFile; fileRef = 157C6B4B21EC5C39009DF69A /* Main.storyboard */; };
		157C6B5021EC5C39009DF69A /* LabScan.xcdatamodeld in Sources */ = {isa = PBXBuildFile; fileRef = 157C6B4E21EC5C39009DF69A /* LabScan.xcdatamodeld */; };
		157C6B5221EC5C3A009DF69A /* Assets.xcassets in Resources */ = {isa = PBXBuildFile; fileRef = 157C6B5121EC5C3A009DF69A /* Assets.xcassets */; };
		157C6B5521EC5C3A009DF69A /* LaunchScreen.storyboard in Resources */ = {isa = PBXBuildFile; fileRef = 157C6B5321EC5C3A009DF69A /* LaunchScreen.storyboard */; };
		157C6B6021EC5C3B009DF69A /* LabScanTests.swift in Sources */ = {isa = PBXBuildFile; fileRef = 157C6B5F21EC5C3B009DF69A /* LabScanTests.swift */; };
		157C6B6B21EC5C3B009DF69A /* LabScanUITests.swift in Sources */ = {isa = PBXBuildFile; fileRef = 157C6B6A21EC5C3B009DF69A /* LabScanUITests.swift */; };
		157C6B7921EC81F6009DF69A /* GoogleService-Info.plist in Resources */ = {isa = PBXBuildFile; fileRef = 157C6B7821EC81F6009DF69A /* GoogleService-Info.plist */; };
		157C6B7B21EC8903009DF69A /* MainIphoneStoryboard.storyboard in Resources */ = {isa = PBXBuildFile; fileRef = 157C6B7A21EC8903009DF69A /* MainIphoneStoryboard.storyboard */; };
		157C6B7D21EC8919009DF69A /* MainIpadStoryboard.storyboard in Resources */ = {isa = PBXBuildFile; fileRef = 157C6B7C21EC8919009DF69A /* MainIpadStoryboard.storyboard */; };
		157C6B8121EC8965009DF69A /* MainIpadViewController.swift in Sources */ = {isa = PBXBuildFile; fileRef = 157C6B8021EC8965009DF69A /* MainIpadViewController.swift */; };
		157C6B8321EC8971009DF69A /* MainIphoneViewController.swift in Sources */ = {isa = PBXBuildFile; fileRef = 157C6B8221EC8971009DF69A /* MainIphoneViewController.swift */; };
		157C6BBF21ED9E25009DF69A /* MainConfig.swift in Sources */ = {isa = PBXBuildFile; fileRef = 157C6BBE21ED9E25009DF69A /* MainConfig.swift */; };
		157C6BC221EDB860009DF69A /* SukhumvitSet.ttc in Resources */ = {isa = PBXBuildFile; fileRef = 157C6BC121EDB4C2009DF69A /* SukhumvitSet.ttc */; };
		157C6BC621EDE218009DF69A /* AppStoryboard.storyboard in Resources */ = {isa = PBXBuildFile; fileRef = 157C6BC521EDE218009DF69A /* AppStoryboard.storyboard */; };
		157C6BCA21EE6ABD009DF69A /* MenuiPhoneCollectionViewCell.swift in Sources */ = {isa = PBXBuildFile; fileRef = 157C6BC821EE6ABD009DF69A /* MenuiPhoneCollectionViewCell.swift */; };
		157C6BCB21EE6ABD009DF69A /* MenuiPhoneCollectionViewCell.xib in Resources */ = {isa = PBXBuildFile; fileRef = 157C6BC921EE6ABD009DF69A /* MenuiPhoneCollectionViewCell.xib */; };
		157C6BCE21EE6BD7009DF69A /* UPCarouselFlowLayout.swift in Sources */ = {isa = PBXBuildFile; fileRef = 157C6BCD21EE6BD7009DF69A /* UPCarouselFlowLayout.swift */; };
		157C6BD321EE6FEF009DF69A /* WalkThroughCollectionViewCell.swift in Sources */ = {isa = PBXBuildFile; fileRef = 157C6BD021EE6FEE009DF69A /* WalkThroughCollectionViewCell.swift */; };
		157C6BD421EE6FEF009DF69A /* WalkThroughCollectionViewCell.xib in Resources */ = {isa = PBXBuildFile; fileRef = 157C6BD121EE6FEF009DF69A /* WalkThroughCollectionViewCell.xib */; };
		157C6BD521EE6FEF009DF69A /* Walthrough.png in Resources */ = {isa = PBXBuildFile; fileRef = 157C6BD221EE6FEF009DF69A /* Walthrough.png */; };
		157C6BD721EE7F08009DF69A /* TestViewController.swift in Sources */ = {isa = PBXBuildFile; fileRef = 157C6BD621EE7F08009DF69A /* TestViewController.swift */; };
		157C6BD921EF10D6009DF69A /* MenuStruct.swift in Sources */ = {isa = PBXBuildFile; fileRef = 157C6BD821EF10D6009DF69A /* MenuStruct.swift */; };
		1580995A2213251F0058E57B /* LabScan.mlmodel in Sources */ = {isa = PBXBuildFile; fileRef = 158099592213251F0058E57B /* LabScan.mlmodel */; };
		1580995C221326F50058E57B /* LabScans.mlmodel in Sources */ = {isa = PBXBuildFile; fileRef = 1580995B221326F50058E57B /* LabScans.mlmodel */; };
		1580995E221328800058E57B /* mLabScan.mlmodel in Sources */ = {isa = PBXBuildFile; fileRef = 1580995D2213287F0058E57B /* mLabScan.mlmodel */; };
		1580996022132C4A0058E57B /* TestA.mlmodel in Sources */ = {isa = PBXBuildFile; fileRef = 1580995F22132C4A0058E57B /* TestA.mlmodel */; };
		1580996222132E600058E57B /* TestB.mlmodel in Sources */ = {isa = PBXBuildFile; fileRef = 1580996122132E600058E57B /* TestB.mlmodel */; };
		15809964221332B60058E57B /* TestC.mlmodel in Sources */ = {isa = PBXBuildFile; fileRef = 15809963221332B60058E57B /* TestC.mlmodel */; };
		15809966221344AB0058E57B /* CollectData.swift in Sources */ = {isa = PBXBuildFile; fileRef = 15809965221344AB0058E57B /* CollectData.swift */; };
		1580AFCB2209324E0052CBBF /* PreviewView.swift in Sources */ = {isa = PBXBuildFile; fileRef = 1580AFCA2209324E0052CBBF /* PreviewView.swift */; };
		1580AFE5220963210052CBBF /* Inceptionv3.mlmodel in Sources */ = {isa = PBXBuildFile; fileRef = 1580AFE4220963210052CBBF /* Inceptionv3.mlmodel */; };
		15CFCBD3220D730F00F6696F /* CustomUIview.swift in Sources */ = {isa = PBXBuildFile; fileRef = 15CFCBD2220D730F00F6696F /* CustomUIview.swift */; };
		15CFCBD5220D735600F6696F /* CustomUIdevice.swift in Sources */ = {isa = PBXBuildFile; fileRef = 15CFCBD4220D735600F6696F /* CustomUIdevice.swift */; };
		15CFCBD8220E1BFC00F6696F /* ScanCell.swift in Sources */ = {isa = PBXBuildFile; fileRef = 15CFCBD7220E1BFC00F6696F /* ScanCell.swift */; };
		15CFCBE0220F094D00F6696F /* ScanVIewCell.swift in Sources */ = {isa = PBXBuildFile; fileRef = 15CFCBDE220F094D00F6696F /* ScanVIewCell.swift */; };
		15CFCBE1220F094D00F6696F /* ScanVIewCell.xib in Resources */ = {isa = PBXBuildFile; fileRef = 15CFCBDF220F094D00F6696F /* ScanVIewCell.xib */; };
		15D2DA722212B10500F98D76 /* SearchCollectionCell.swift in Sources */ = {isa = PBXBuildFile; fileRef = 15D2DA712212B10500F98D76 /* SearchCollectionCell.swift */; };
		15E9CABF21F1B5C900E4083B /* SearchViewController.swift in Sources */ = {isa = PBXBuildFile; fileRef = 15E9CABE21F1B5C900E4083B /* SearchViewController.swift */; };
		15E9CAC121F1B5E200E4083B /* CategoryViewController.swift in Sources */ = {isa = PBXBuildFile; fileRef = 15E9CAC021F1B5E200E4083B /* CategoryViewController.swift */; };
		15E9CAC321F1B5F600E4083B /* HistoryViewController.swift in Sources */ = {isa = PBXBuildFile; fileRef = 15E9CAC221F1B5F600E4083B /* HistoryViewController.swift */; };
		15E9CAC521F1B60200E4083B /* ProfileViewController.swift in Sources */ = {isa = PBXBuildFile; fileRef = 15E9CAC421F1B60200E4083B /* ProfileViewController.swift */; };
		15E9CAC721F1B61200E4083B /* ScanViewController.swift in Sources */ = {isa = PBXBuildFile; fileRef = 15E9CAC621F1B61200E4083B /* ScanViewController.swift */; };
		15E9CAC921F1B62800E4083B /* FavoriteViewController.swift in Sources */ = {isa = PBXBuildFile; fileRef = 15E9CAC821F1B62800E4083B /* FavoriteViewController.swift */; };
		15E9CACB21F1B65100E4083B /* CallCenter.swift in Sources */ = {isa = PBXBuildFile; fileRef = 15E9CACA21F1B65100E4083B /* CallCenter.swift */; };
		4B3E9661A733296E0754CC90 /* Pods_LabScan.framework in Frameworks */ = {isa = PBXBuildFile; fileRef = A01C402162B6BEA7A021D86F /* Pods_LabScan.framework */; };
		A8B37D214830D7D99DBC3367 /* Pods_LabScanTests.framework in Frameworks */ = {isa = PBXBuildFile; fileRef = 71EA1317BB90CDF555368461 /* Pods_LabScanTests.framework */; };
/* End PBXBuildFile section */

/* Begin PBXContainerItemProxy section */
		157C6B5C21EC5C3B009DF69A /* PBXContainerItemProxy */ = {
			isa = PBXContainerItemProxy;
			containerPortal = 157C6B3C21EC5C39009DF69A /* Project object */;
			proxyType = 1;
			remoteGlobalIDString = 157C6B4321EC5C39009DF69A;
			remoteInfo = LabScan;
		};
		157C6B6721EC5C3B009DF69A /* PBXContainerItemProxy */ = {
			isa = PBXContainerItemProxy;
			containerPortal = 157C6B3C21EC5C39009DF69A /* Project object */;
			proxyType = 1;
			remoteGlobalIDString = 157C6B4321EC5C39009DF69A;
			remoteInfo = LabScan;
		};
/* End PBXContainerItemProxy section */

/* Begin PBXFileReference section */
		1502828F22117BB800D79F9D /* ImagePreviewViewController.swift */ = {isa = PBXFileReference; lastKnownFileType = sourcecode.swift; path = ImagePreviewViewController.swift; sourceTree = "<group>"; };
		150282912211ABEB00D79F9D /* DetailCollection.swift */ = {isa = PBXFileReference; lastKnownFileType = sourcecode.swift; path = DetailCollection.swift; sourceTree = "<group>"; };
		150282942211AC2600D79F9D /* DetailCollectionCell.swift */ = {isa = PBXFileReference; lastKnownFileType = sourcecode.swift; path = DetailCollectionCell.swift; sourceTree = "<group>"; };
		150282952211AC2600D79F9D /* DetailCollectionCell.xib */ = {isa = PBXFileReference; lastKnownFileType = file.xib; path = DetailCollectionCell.xib; sourceTree = "<group>"; };
		150282982211BB9300D79F9D /* Colors.swift */ = {isa = PBXFileReference; lastKnownFileType = sourcecode.swift; path = Colors.swift; sourceTree = "<group>"; };
		1502829A2211D6F600D79F9D /* CollectionData.swift */ = {isa = PBXFileReference; lastKnownFileType = sourcecode.swift; path = CollectionData.swift; sourceTree = "<group>"; };
		1502829C22121D2000D79F9D /* ObjectData.swift */ = {isa = PBXFileReference; lastKnownFileType = sourcecode.swift; path = ObjectData.swift; sourceTree = "<group>"; };
		150282A022121E3F00D79F9D /* SearchObjectCell.swift */ = {isa = PBXFileReference; lastKnownFileType = sourcecode.swift; path = SearchObjectCell.swift; sourceTree = "<group>"; };
		150282A122121E3F00D79F9D /* SearchObjectCell.xib */ = {isa = PBXFileReference; lastKnownFileType = file.xib; path = SearchObjectCell.xib; sourceTree = "<group>"; };
		150282A42212202000D79F9D /* ObjectCell.swift */ = {isa = PBXFileReference; lastKnownFileType = sourcecode.swift; path = ObjectCell.swift; sourceTree = "<group>"; };
		150282A622122EFB00D79F9D /* CustomStringProtocol.swift */ = {isa = PBXFileReference; lastKnownFileType = sourcecode.swift; path = CustomStringProtocol.swift; sourceTree = "<group>"; };
		150727B421F15ED000667D13 /* TestAppViewController.swift */ = {isa = PBXFileReference; lastKnownFileType = sourcecode.swift; path = TestAppViewController.swift; sourceTree = "<group>"; };
		152C5C5E22107AFB00811798 /* DetailDescription.swift */ = {isa = PBXFileReference; lastKnownFileType = sourcecode.swift; path = DetailDescription.swift; sourceTree = "<group>"; };
		152C5C6022107FF100811798 /* CustomNavigationBar.swift */ = {isa = PBXFileReference; lastKnownFileType = sourcecode.swift; path = CustomNavigationBar.swift; sourceTree = "<group>"; };
		152C5C6222108D1100811798 /* DetailImage.swift */ = {isa = PBXFileReference; lastKnownFileType = sourcecode.swift; path = DetailImage.swift; sourceTree = "<group>"; };
		152C5C6522108EC100811798 /* DetailImageCell.swift */ = {isa = PBXFileReference; lastKnownFileType = sourcecode.swift; path = DetailImageCell.swift; sourceTree = "<group>"; };
		152C5C6622108EC100811798 /* DetailImageCell.xib */ = {isa = PBXFileReference; lastKnownFileType = file.xib; path = DetailImageCell.xib; sourceTree = "<group>"; };
		152C5C6A2210AD7D00811798 /* DetailMediaData.swift */ = {isa = PBXFileReference; lastKnownFileType = sourcecode.swift; path = DetailMediaData.swift; sourceTree = "<group>"; };
		152C5C6C2210B59700811798 /* CustomUIImageView.swift */ = {isa = PBXFileReference; lastKnownFileType = sourcecode.swift; path = CustomUIImageView.swift; sourceTree = "<group>"; };
		152CD243220F78D30011BCC0 /* DetailViewController.swift */ = {isa = PBXFileReference; lastKnownFileType = sourcecode.swift; path = DetailViewController.swift; sourceTree = "<group>"; };
		152CD245221022840011BCC0 /* CustomUIscrollView.swift */ = {isa = PBXFileReference; lastKnownFileType = sourcecode.swift; path = CustomUIscrollView.swift; sourceTree = "<group>"; };
		152CD25622103E200011BCC0 /* TableDetailTitle.swift */ = {isa = PBXFileReference; lastKnownFileType = sourcecode.swift; path = TableDetailTitle.swift; sourceTree = "<group>"; };
		157C6B4421EC5C39009DF69A /* LabScan.app */ = {isa = PBXFileReference; explicitFileType = wrapper.application; includeInIndex = 0; path = LabScan.app; sourceTree = BUILT_PRODUCTS_DIR; };
		157C6B4721EC5C39009DF69A /* AppDelegate.swift */ = {isa = PBXFileReference; lastKnownFileType = sourcecode.swift; path = AppDelegate.swift; sourceTree = "<group>"; };
		157C6B4921EC5C39009DF69A /* ViewController.swift */ = {isa = PBXFileReference; lastKnownFileType = sourcecode.swift; path = ViewController.swift; sourceTree = "<group>"; };
		157C6B4C21EC5C39009DF69A /* Base */ = {isa = PBXFileReference; lastKnownFileType = file.storyboard; name = Base; path = Base.lproj/Main.storyboard; sourceTree = "<group>"; };
		157C6B4F21EC5C39009DF69A /* LabScan.xcdatamodel */ = {isa = PBXFileReference; lastKnownFileType = wrapper.xcdatamodel; path = LabScan.xcdatamodel; sourceTree = "<group>"; };
		157C6B5121EC5C3A009DF69A /* Assets.xcassets */ = {isa = PBXFileReference; lastKnownFileType = folder.assetcatalog; path = Assets.xcassets; sourceTree = "<group>"; };
		157C6B5421EC5C3A009DF69A /* Base */ = {isa = PBXFileReference; lastKnownFileType = file.storyboard; name = Base; path = Base.lproj/LaunchScreen.storyboard; sourceTree = "<group>"; };
		157C6B5621EC5C3A009DF69A /* Info.plist */ = {isa = PBXFileReference; lastKnownFileType = text.plist.xml; path = Info.plist; sourceTree = "<group>"; };
		157C6B5B21EC5C3B009DF69A /* LabScanTests.xctest */ = {isa = PBXFileReference; explicitFileType = wrapper.cfbundle; includeInIndex = 0; path = LabScanTests.xctest; sourceTree = BUILT_PRODUCTS_DIR; };
		157C6B5F21EC5C3B009DF69A /* LabScanTests.swift */ = {isa = PBXFileReference; lastKnownFileType = sourcecode.swift; path = LabScanTests.swift; sourceTree = "<group>"; };
		157C6B6121EC5C3B009DF69A /* Info.plist */ = {isa = PBXFileReference; lastKnownFileType = text.plist.xml; path = Info.plist; sourceTree = "<group>"; };
		157C6B6621EC5C3B009DF69A /* LabScanUITests.xctest */ = {isa = PBXFileReference; explicitFileType = wrapper.cfbundle; includeInIndex = 0; path = LabScanUITests.xctest; sourceTree = BUILT_PRODUCTS_DIR; };
		157C6B6A21EC5C3B009DF69A /* LabScanUITests.swift */ = {isa = PBXFileReference; lastKnownFileType = sourcecode.swift; path = LabScanUITests.swift; sourceTree = "<group>"; };
		157C6B6C21EC5C3B009DF69A /* Info.plist */ = {isa = PBXFileReference; lastKnownFileType = text.plist.xml; path = Info.plist; sourceTree = "<group>"; };
		157C6B7821EC81F6009DF69A /* GoogleService-Info.plist */ = {isa = PBXFileReference; fileEncoding = 4; lastKnownFileType = text.plist.xml; name = "GoogleService-Info.plist"; path = "../../../../Downloads/GoogleService-Info.plist"; sourceTree = "<group>"; };
		157C6B7A21EC8903009DF69A /* MainIphoneStoryboard.storyboard */ = {isa = PBXFileReference; lastKnownFileType = file.storyboard; path = MainIphoneStoryboard.storyboard; sourceTree = "<group>"; };
		157C6B7C21EC8919009DF69A /* MainIpadStoryboard.storyboard */ = {isa = PBXFileReference; lastKnownFileType = file.storyboard; path = MainIpadStoryboard.storyboard; sourceTree = "<group>"; };
		157C6B8021EC8965009DF69A /* MainIpadViewController.swift */ = {isa = PBXFileReference; lastKnownFileType = sourcecode.swift; path = MainIpadViewController.swift; sourceTree = "<group>"; };
		157C6B8221EC8971009DF69A /* MainIphoneViewController.swift */ = {isa = PBXFileReference; lastKnownFileType = sourcecode.swift; path = MainIphoneViewController.swift; sourceTree = "<group>"; };
		157C6BBE21ED9E25009DF69A /* MainConfig.swift */ = {isa = PBXFileReference; lastKnownFileType = sourcecode.swift; name = MainConfig.swift; path = ../Main/MainConfig.swift; sourceTree = "<group>"; };
		157C6BC121EDB4C2009DF69A /* SukhumvitSet.ttc */ = {isa = PBXFileReference; lastKnownFileType = file; name = SukhumvitSet.ttc; path = "/Users/android/Documents/Xcode Project/LabScan/LabScan/Resource/SukhumvitSet.ttc"; sourceTree = "<absolute>"; };
		157C6BC521EDE218009DF69A /* AppStoryboard.storyboard */ = {isa = PBXFileReference; lastKnownFileType = file.storyboard; path = AppStoryboard.storyboard; sourceTree = "<group>"; };
		157C6BC821EE6ABD009DF69A /* MenuiPhoneCollectionViewCell.swift */ = {isa = PBXFileReference; lastKnownFileType = sourcecode.swift; path = MenuiPhoneCollectionViewCell.swift; sourceTree = "<group>"; };
		157C6BC921EE6ABD009DF69A /* MenuiPhoneCollectionViewCell.xib */ = {isa = PBXFileReference; lastKnownFileType = file.xib; path = MenuiPhoneCollectionViewCell.xib; sourceTree = "<group>"; };
		157C6BCD21EE6BD7009DF69A /* UPCarouselFlowLayout.swift */ = {isa = PBXFileReference; fileEncoding = 4; lastKnownFileType = sourcecode.swift; path = UPCarouselFlowLayout.swift; sourceTree = "<group>"; };
		157C6BD021EE6FEE009DF69A /* WalkThroughCollectionViewCell.swift */ = {isa = PBXFileReference; fileEncoding = 4; lastKnownFileType = sourcecode.swift; path = WalkThroughCollectionViewCell.swift; sourceTree = "<group>"; };
		157C6BD121EE6FEF009DF69A /* WalkThroughCollectionViewCell.xib */ = {isa = PBXFileReference; fileEncoding = 4; lastKnownFileType = file.xib; path = WalkThroughCollectionViewCell.xib; sourceTree = "<group>"; };
		157C6BD221EE6FEF009DF69A /* Walthrough.png */ = {isa = PBXFileReference; lastKnownFileType = image.png; path = Walthrough.png; sourceTree = "<group>"; };
		157C6BD621EE7F08009DF69A /* TestViewController.swift */ = {isa = PBXFileReference; lastKnownFileType = sourcecode.swift; path = TestViewController.swift; sourceTree = "<group>"; };
		157C6BD821EF10D6009DF69A /* MenuStruct.swift */ = {isa = PBXFileReference; lastKnownFileType = sourcecode.swift; path = MenuStruct.swift; sourceTree = "<group>"; };
		158099592213251F0058E57B /* LabScan.mlmodel */ = {isa = PBXFileReference; lastKnownFileType = file.mlmodel; path = LabScan.mlmodel; sourceTree = "<group>"; };
		1580995B221326F50058E57B /* LabScans.mlmodel */ = {isa = PBXFileReference; lastKnownFileType = file.mlmodel; path = LabScans.mlmodel; sourceTree = "<group>"; };
		1580995D2213287F0058E57B /* mLabScan.mlmodel */ = {isa = PBXFileReference; lastKnownFileType = file.mlmodel; path = mLabScan.mlmodel; sourceTree = "<group>"; };
		1580995F22132C4A0058E57B /* TestA.mlmodel */ = {isa = PBXFileReference; lastKnownFileType = file.mlmodel; path = TestA.mlmodel; sourceTree = "<group>"; };
		1580996122132E600058E57B /* TestB.mlmodel */ = {isa = PBXFileReference; lastKnownFileType = file.mlmodel; path = TestB.mlmodel; sourceTree = "<group>"; };
		15809963221332B60058E57B /* TestC.mlmodel */ = {isa = PBXFileReference; lastKnownFileType = file.mlmodel; path = TestC.mlmodel; sourceTree = "<group>"; };
		15809965221344AB0058E57B /* CollectData.swift */ = {isa = PBXFileReference; lastKnownFileType = sourcecode.swift; path = CollectData.swift; sourceTree = "<group>"; };
		1580AFCA2209324E0052CBBF /* PreviewView.swift */ = {isa = PBXFileReference; lastKnownFileType = sourcecode.swift; path = PreviewView.swift; sourceTree = "<group>"; };
		1580AFE4220963210052CBBF /* Inceptionv3.mlmodel */ = {isa = PBXFileReference; lastKnownFileType = file.mlmodel; path = Inceptionv3.mlmodel; sourceTree = "<group>"; };
		15CFCBD2220D730F00F6696F /* CustomUIview.swift */ = {isa = PBXFileReference; lastKnownFileType = sourcecode.swift; path = CustomUIview.swift; sourceTree = "<group>"; };
		15CFCBD4220D735600F6696F /* CustomUIdevice.swift */ = {isa = PBXFileReference; lastKnownFileType = sourcecode.swift; path = CustomUIdevice.swift; sourceTree = "<group>"; };
		15CFCBD7220E1BFC00F6696F /* ScanCell.swift */ = {isa = PBXFileReference; lastKnownFileType = sourcecode.swift; path = ScanCell.swift; sourceTree = "<group>"; };
		15CFCBDE220F094D00F6696F /* ScanVIewCell.swift */ = {isa = PBXFileReference; lastKnownFileType = sourcecode.swift; path = ScanVIewCell.swift; sourceTree = "<group>"; };
		15CFCBDF220F094D00F6696F /* ScanVIewCell.xib */ = {isa = PBXFileReference; lastKnownFileType = file.xib; path = ScanVIewCell.xib; sourceTree = "<group>"; };
		15D2DA712212B10500F98D76 /* SearchCollectionCell.swift */ = {isa = PBXFileReference; lastKnownFileType = sourcecode.swift; path = SearchCollectionCell.swift; sourceTree = "<group>"; };
		15E9CABE21F1B5C900E4083B /* SearchViewController.swift */ = {isa = PBXFileReference; lastKnownFileType = sourcecode.swift; path = SearchViewController.swift; sourceTree = "<group>"; };
		15E9CAC021F1B5E200E4083B /* CategoryViewController.swift */ = {isa = PBXFileReference; lastKnownFileType = sourcecode.swift; path = CategoryViewController.swift; sourceTree = "<group>"; };
		15E9CAC221F1B5F600E4083B /* HistoryViewController.swift */ = {isa = PBXFileReference; lastKnownFileType = sourcecode.swift; path = HistoryViewController.swift; sourceTree = "<group>"; };
		15E9CAC421F1B60200E4083B /* ProfileViewController.swift */ = {isa = PBXFileReference; lastKnownFileType = sourcecode.swift; path = ProfileViewController.swift; sourceTree = "<group>"; };
		15E9CAC621F1B61200E4083B /* ScanViewController.swift */ = {isa = PBXFileReference; lastKnownFileType = sourcecode.swift; path = ScanViewController.swift; sourceTree = "<group>"; };
		15E9CAC821F1B62800E4083B /* FavoriteViewController.swift */ = {isa = PBXFileReference; lastKnownFileType = sourcecode.swift; path = FavoriteViewController.swift; sourceTree = "<group>"; };
		15E9CACA21F1B65100E4083B /* CallCenter.swift */ = {isa = PBXFileReference; lastKnownFileType = sourcecode.swift; path = CallCenter.swift; sourceTree = "<group>"; };
		198C3D8C23702A67FCCC9B7D /* Pods-LabScan.release.xcconfig */ = {isa = PBXFileReference; includeInIndex = 1; lastKnownFileType = text.xcconfig; name = "Pods-LabScan.release.xcconfig"; path = "Pods/Target Support Files/Pods-LabScan/Pods-LabScan.release.xcconfig"; sourceTree = "<group>"; };
		1ED66BA5DC29DDEAFCEEC9EB /* Pods_LabScanUITests.framework */ = {isa = PBXFileReference; explicitFileType = wrapper.framework; includeInIndex = 0; path = Pods_LabScanUITests.framework; sourceTree = BUILT_PRODUCTS_DIR; };
		2CB6CA2764AB804C5A970217 /* Pods-LabScanTests.debug.xcconfig */ = {isa = PBXFileReference; includeInIndex = 1; lastKnownFileType = text.xcconfig; name = "Pods-LabScanTests.debug.xcconfig"; path = "Pods/Target Support Files/Pods-LabScanTests/Pods-LabScanTests.debug.xcconfig"; sourceTree = "<group>"; };
		3D1918F19FB38C9E73A92553 /* Pods-LabScanUITests.release.xcconfig */ = {isa = PBXFileReference; includeInIndex = 1; lastKnownFileType = text.xcconfig; name = "Pods-LabScanUITests.release.xcconfig"; path = "Pods/Target Support Files/Pods-LabScanUITests/Pods-LabScanUITests.release.xcconfig"; sourceTree = "<group>"; };
		71EA1317BB90CDF555368461 /* Pods_LabScanTests.framework */ = {isa = PBXFileReference; explicitFileType = wrapper.framework; includeInIndex = 0; path = Pods_LabScanTests.framework; sourceTree = BUILT_PRODUCTS_DIR; };
		9885F414CFF6308D087F03CA /* Pods-LabScan.debug.xcconfig */ = {isa = PBXFileReference; includeInIndex = 1; lastKnownFileType = text.xcconfig; name = "Pods-LabScan.debug.xcconfig"; path = "Pods/Target Support Files/Pods-LabScan/Pods-LabScan.debug.xcconfig"; sourceTree = "<group>"; };
		A01C402162B6BEA7A021D86F /* Pods_LabScan.framework */ = {isa = PBXFileReference; explicitFileType = wrapper.framework; includeInIndex = 0; path = Pods_LabScan.framework; sourceTree = BUILT_PRODUCTS_DIR; };
		D294763341A62E27BB00F3E0 /* Pods-LabScanTests.release.xcconfig */ = {isa = PBXFileReference; includeInIndex = 1; lastKnownFileType = text.xcconfig; name = "Pods-LabScanTests.release.xcconfig"; path = "Pods/Target Support Files/Pods-LabScanTests/Pods-LabScanTests.release.xcconfig"; sourceTree = "<group>"; };
		DC038018A224C53478E1A588 /* Pods-LabScanUITests.debug.xcconfig */ = {isa = PBXFileReference; includeInIndex = 1; lastKnownFileType = text.xcconfig; name = "Pods-LabScanUITests.debug.xcconfig"; path = "Pods/Target Support Files/Pods-LabScanUITests/Pods-LabScanUITests.debug.xcconfig"; sourceTree = "<group>"; };
/* End PBXFileReference section */

/* Begin PBXFrameworksBuildPhase section */
		157C6B4121EC5C39009DF69A /* Frameworks */ = {
			isa = PBXFrameworksBuildPhase;
			buildActionMask = 2147483647;
			files = (
				4B3E9661A733296E0754CC90 /* Pods_LabScan.framework in Frameworks */,
			);
			runOnlyForDeploymentPostprocessing = 0;
		};
		157C6B5821EC5C3B009DF69A /* Frameworks */ = {
			isa = PBXFrameworksBuildPhase;
			buildActionMask = 2147483647;
			files = (
				A8B37D214830D7D99DBC3367 /* Pods_LabScanTests.framework in Frameworks */,
			);
			runOnlyForDeploymentPostprocessing = 0;
		};
		157C6B6321EC5C3B009DF69A /* Frameworks */ = {
			isa = PBXFrameworksBuildPhase;
			buildActionMask = 2147483647;
			files = (
				09AEC89662888B62797390C6 /* Pods_LabScanUITests.framework in Frameworks */,
			);
			runOnlyForDeploymentPostprocessing = 0;
		};
/* End PBXFrameworksBuildPhase section */

/* Begin PBXGroup section */
		150282932211ABFF00D79F9D /* Collections */ = {
			isa = PBXGroup;
			children = (
				150282942211AC2600D79F9D /* DetailCollectionCell.swift */,
				150282952211AC2600D79F9D /* DetailCollectionCell.xib */,
			);
			path = Collections;
			sourceTree = "<group>";
		};
		1502829E22121E0E00D79F9D /* SearchCell */ = {
			isa = PBXGroup;
			children = (
				1502829F22121E1C00D79F9D /* Normal */,
				150282A42212202000D79F9D /* ObjectCell.swift */,
				15D2DA712212B10500F98D76 /* SearchCollectionCell.swift */,
			);
			path = SearchCell;
			sourceTree = "<group>";
		};
		1502829F22121E1C00D79F9D /* Normal */ = {
			isa = PBXGroup;
			children = (
				150282A022121E3F00D79F9D /* SearchObjectCell.swift */,
				150282A122121E3F00D79F9D /* SearchObjectCell.xib */,
			);
			path = Normal;
			sourceTree = "<group>";
		};
		152C5C6422108EA200811798 /* Collection */ = {
			isa = PBXGroup;
			children = (
				152C5C6522108EC100811798 /* DetailImageCell.swift */,
				152C5C6622108EC100811798 /* DetailImageCell.xib */,
			);
			path = Collection;
			sourceTree = "<group>";
		};
		152C5C692210AD5C00811798 /* Data */ = {
			isa = PBXGroup;
			children = (
				152C5C6A2210AD7D00811798 /* DetailMediaData.swift */,
				1502829A2211D6F600D79F9D /* CollectionData.swift */,
				1502829C22121D2000D79F9D /* ObjectData.swift */,
				15809965221344AB0058E57B /* CollectData.swift */,
			);
			path = Data;
			sourceTree = "<group>";
		};
		152CD24D221033B30011BCC0 /* DetailCell */ = {
			isa = PBXGroup;
			children = (
				150282932211ABFF00D79F9D /* Collections */,
				152C5C6422108EA200811798 /* Collection */,
				152CD25622103E200011BCC0 /* TableDetailTitle.swift */,
				152C5C5E22107AFB00811798 /* DetailDescription.swift */,
				152C5C6222108D1100811798 /* DetailImage.swift */,
				150282912211ABEB00D79F9D /* DetailCollection.swift */,
			);
			path = DetailCell;
			sourceTree = "<group>";
		};
		157C6B3B21EC5C39009DF69A = {
			isa = PBXGroup;
			children = (
				157C6B4621EC5C39009DF69A /* LabScan */,
				157C6B5E21EC5C3B009DF69A /* LabScanTests */,
				157C6B6921EC5C3B009DF69A /* LabScanUITests */,
				157C6B4521EC5C39009DF69A /* Products */,
				F464D2AF2B76FE2FB51610E8 /* Pods */,
				829F3CB613EEC940D734B2D7 /* Frameworks */,
			);
			sourceTree = "<group>";
		};
		157C6B4521EC5C39009DF69A /* Products */ = {
			isa = PBXGroup;
			children = (
				157C6B4421EC5C39009DF69A /* LabScan.app */,
				157C6B5B21EC5C3B009DF69A /* LabScanTests.xctest */,
				157C6B6621EC5C3B009DF69A /* LabScanUITests.xctest */,
			);
			name = Products;
			sourceTree = "<group>";
		};
		157C6B4621EC5C39009DF69A /* LabScan */ = {
			isa = PBXGroup;
			children = (
				1580AFE4220963210052CBBF /* Inceptionv3.mlmodel */,
				1580996122132E600058E57B /* TestB.mlmodel */,
				158099592213251F0058E57B /* LabScan.mlmodel */,
				1580995B221326F50058E57B /* LabScans.mlmodel */,
				1580995D2213287F0058E57B /* mLabScan.mlmodel */,
				15809963221332B60058E57B /* TestC.mlmodel */,
				1580995F22132C4A0058E57B /* TestA.mlmodel */,
				152C5C692210AD5C00811798 /* Data */,
				157C6BC721EE6A90009DF69A /* Cell */,
				157C6BC021EDB4A5009DF69A /* Resource */,
				157C6B8521EC899F009DF69A /* Storyboard */,
				157C6B7E21EC8938009DF69A /* Controller */,
				157C6B7821EC81F6009DF69A /* GoogleService-Info.plist */,
				157C6B4721EC5C39009DF69A /* AppDelegate.swift */,
				157C6B5121EC5C3A009DF69A /* Assets.xcassets */,
				157C6B5621EC5C3A009DF69A /* Info.plist */,
				157C6B4E21EC5C39009DF69A /* LabScan.xcdatamodeld */,
			);
			path = LabScan;
			sourceTree = "<group>";
		};
		157C6B5E21EC5C3B009DF69A /* LabScanTests */ = {
			isa = PBXGroup;
			children = (
				157C6B5F21EC5C3B009DF69A /* LabScanTests.swift */,
				157C6B6121EC5C3B009DF69A /* Info.plist */,
			);
			path = LabScanTests;
			sourceTree = "<group>";
		};
		157C6B6921EC5C3B009DF69A /* LabScanUITests */ = {
			isa = PBXGroup;
			children = (
				157C6B6A21EC5C3B009DF69A /* LabScanUITests.swift */,
				157C6B6C21EC5C3B009DF69A /* Info.plist */,
			);
			path = LabScanUITests;
			sourceTree = "<group>";
		};
		157C6B7E21EC8938009DF69A /* Controller */ = {
			isa = PBXGroup;
			children = (
				157C6B7F21EC894B009DF69A /* View */,
			);
			path = Controller;
			sourceTree = "<group>";
		};
		157C6B7F21EC894B009DF69A /* View */ = {
			isa = PBXGroup;
			children = (
				15CFCBD6220E1BD500F6696F /* Cell */,
				15E9CABD21F1B59F00E4083B /* ViewFunction */,
				157C6BBD21ED9E10009DF69A /* Share */,
				157C6B8821EC89D6009DF69A /* Other */,
				157C6B8421EC8987009DF69A /* Main */,
			);
			path = View;
			sourceTree = "<group>";
		};
		157C6B8421EC8987009DF69A /* Main */ = {
			isa = PBXGroup;
			children = (
				157C6B8221EC8971009DF69A /* MainIphoneViewController.swift */,
				157C6B8021EC8965009DF69A /* MainIpadViewController.swift */,
			);
			path = Main;
			sourceTree = "<group>";
		};
		157C6B8521EC899F009DF69A /* Storyboard */ = {
			isa = PBXGroup;
			children = (
				157C6B8621EC89AC009DF69A /* Main */,
				157C6BC421EDE1F0009DF69A /* App */,
				157C6B8A21EC8CD6009DF69A /* Launch */,
				157C6B8721EC89CB009DF69A /* Other */,
			);
			path = Storyboard;
			sourceTree = "<group>";
		};
		157C6B8621EC89AC009DF69A /* Main */ = {
			isa = PBXGroup;
			children = (
				157C6B7A21EC8903009DF69A /* MainIphoneStoryboard.storyboard */,
				157C6B7C21EC8919009DF69A /* MainIpadStoryboard.storyboard */,
			);
			path = Main;
			sourceTree = "<group>";
		};
		157C6B8721EC89CB009DF69A /* Other */ = {
			isa = PBXGroup;
			children = (
				157C6B4B21EC5C39009DF69A /* Main.storyboard */,
			);
			path = Other;
			sourceTree = "<group>";
		};
		157C6B8821EC89D6009DF69A /* Other */ = {
			isa = PBXGroup;
			children = (
				157C6B4921EC5C39009DF69A /* ViewController.swift */,
			);
			path = Other;
			sourceTree = "<group>";
		};
		157C6B8A21EC8CD6009DF69A /* Launch */ = {
			isa = PBXGroup;
			children = (
				157C6B5321EC5C3A009DF69A /* LaunchScreen.storyboard */,
			);
			path = Launch;
			sourceTree = "<group>";
		};
		157C6BBD21ED9E10009DF69A /* Share */ = {
			isa = PBXGroup;
			children = (
				157C6BBE21ED9E25009DF69A /* MainConfig.swift */,
				157C6BD621EE7F08009DF69A /* TestViewController.swift */,
				157C6BD821EF10D6009DF69A /* MenuStruct.swift */,
				150727B421F15ED000667D13 /* TestAppViewController.swift */,
				15E9CACA21F1B65100E4083B /* CallCenter.swift */,
				1580AFCA2209324E0052CBBF /* PreviewView.swift */,
				15CFCBD2220D730F00F6696F /* CustomUIview.swift */,
				15CFCBD4220D735600F6696F /* CustomUIdevice.swift */,
				152CD245221022840011BCC0 /* CustomUIscrollView.swift */,
				152C5C6022107FF100811798 /* CustomNavigationBar.swift */,
				152C5C6C2210B59700811798 /* CustomUIImageView.swift */,
				150282982211BB9300D79F9D /* Colors.swift */,
				150282A622122EFB00D79F9D /* CustomStringProtocol.swift */,
			);
			path = Share;
			sourceTree = "<group>";
		};
		157C6BC021EDB4A5009DF69A /* Resource */ = {
			isa = PBXGroup;
			children = (
				157C6BC121EDB4C2009DF69A /* SukhumvitSet.ttc */,
				157C6BCD21EE6BD7009DF69A /* UPCarouselFlowLayout.swift */,
			);
			path = Resource;
			sourceTree = "<group>";
		};
		157C6BC421EDE1F0009DF69A /* App */ = {
			isa = PBXGroup;
			children = (
				157C6BC521EDE218009DF69A /* AppStoryboard.storyboard */,
			);
			path = App;
			sourceTree = "<group>";
		};
		157C6BC721EE6A90009DF69A /* Cell */ = {
			isa = PBXGroup;
			children = (
				1502829E22121E0E00D79F9D /* SearchCell */,
				152CD24D221033B30011BCC0 /* DetailCell */,
				15CFCBD9220F083A00F6696F /* Scan */,
				157C6BCF21EE6FBF009DF69A /* Test */,
				157C6BCC21EE6AC7009DF69A /* MenuIphone */,
			);
			path = Cell;
			sourceTree = "<group>";
		};
		157C6BCC21EE6AC7009DF69A /* MenuIphone */ = {
			isa = PBXGroup;
			children = (
				157C6BC821EE6ABD009DF69A /* MenuiPhoneCollectionViewCell.swift */,
				157C6BC921EE6ABD009DF69A /* MenuiPhoneCollectionViewCell.xib */,
			);
			path = MenuIphone;
			sourceTree = "<group>";
		};
		157C6BCF21EE6FBF009DF69A /* Test */ = {
			isa = PBXGroup;
			children = (
				157C6BD021EE6FEE009DF69A /* WalkThroughCollectionViewCell.swift */,
				157C6BD121EE6FEF009DF69A /* WalkThroughCollectionViewCell.xib */,
				157C6BD221EE6FEF009DF69A /* Walthrough.png */,
			);
			path = Test;
			sourceTree = "<group>";
		};
		15CFCBD6220E1BD500F6696F /* Cell */ = {
			isa = PBXGroup;
			children = (
				15CFCBD7220E1BFC00F6696F /* ScanCell.swift */,
			);
			path = Cell;
			sourceTree = "<group>";
		};
		15CFCBD9220F083A00F6696F /* Scan */ = {
			isa = PBXGroup;
			children = (
				15CFCBDE220F094D00F6696F /* ScanVIewCell.swift */,
				15CFCBDF220F094D00F6696F /* ScanVIewCell.xib */,
			);
			path = Scan;
			sourceTree = "<group>";
		};
		15E9CABD21F1B59F00E4083B /* ViewFunction */ = {
			isa = PBXGroup;
			children = (
				15E9CABE21F1B5C900E4083B /* SearchViewController.swift */,
				15E9CAC021F1B5E200E4083B /* CategoryViewController.swift */,
				15E9CAC221F1B5F600E4083B /* HistoryViewController.swift */,
				15E9CAC421F1B60200E4083B /* ProfileViewController.swift */,
				15E9CAC621F1B61200E4083B /* ScanViewController.swift */,
				15E9CAC821F1B62800E4083B /* FavoriteViewController.swift */,
				152CD243220F78D30011BCC0 /* DetailViewController.swift */,
				1502828F22117BB800D79F9D /* ImagePreviewViewController.swift */,
			);
			path = ViewFunction;
			sourceTree = "<group>";
		};
		829F3CB613EEC940D734B2D7 /* Frameworks */ = {
			isa = PBXGroup;
			children = (
				A01C402162B6BEA7A021D86F /* Pods_LabScan.framework */,
				71EA1317BB90CDF555368461 /* Pods_LabScanTests.framework */,
				1ED66BA5DC29DDEAFCEEC9EB /* Pods_LabScanUITests.framework */,
			);
			name = Frameworks;
			sourceTree = "<group>";
		};
		F464D2AF2B76FE2FB51610E8 /* Pods */ = {
			isa = PBXGroup;
			children = (
				9885F414CFF6308D087F03CA /* Pods-LabScan.debug.xcconfig */,
				198C3D8C23702A67FCCC9B7D /* Pods-LabScan.release.xcconfig */,
				2CB6CA2764AB804C5A970217 /* Pods-LabScanTests.debug.xcconfig */,
				D294763341A62E27BB00F3E0 /* Pods-LabScanTests.release.xcconfig */,
				DC038018A224C53478E1A588 /* Pods-LabScanUITests.debug.xcconfig */,
				3D1918F19FB38C9E73A92553 /* Pods-LabScanUITests.release.xcconfig */,
			);
			name = Pods;
			sourceTree = "<group>";
		};
/* End PBXGroup section */

/* Begin PBXNativeTarget section */
		157C6B4321EC5C39009DF69A /* LabScan */ = {
			isa = PBXNativeTarget;
			buildConfigurationList = 157C6B6F21EC5C3B009DF69A /* Build configuration list for PBXNativeTarget "LabScan" */;
			buildPhases = (
				6149225C97B27A39482FD464 /* [CP] Check Pods Manifest.lock */,
				157C6B4021EC5C39009DF69A /* Sources */,
				157C6B4121EC5C39009DF69A /* Frameworks */,
				157C6B4221EC5C39009DF69A /* Resources */,
				999B6CC5D62808BD4AD5C31A /* [CP] Embed Pods Frameworks */,
				3989832716DA435936C35503 /* [CP] Copy Pods Resources */,
			);
			buildRules = (
			);
			dependencies = (
			);
			name = LabScan;
			productName = LabScan;
			productReference = 157C6B4421EC5C39009DF69A /* LabScan.app */;
			productType = "com.apple.product-type.application";
		};
		157C6B5A21EC5C3B009DF69A /* LabScanTests */ = {
			isa = PBXNativeTarget;
			buildConfigurationList = 157C6B7221EC5C3B009DF69A /* Build configuration list for PBXNativeTarget "LabScanTests" */;
			buildPhases = (
				F67B583773B54266C0784E6F /* [CP] Check Pods Manifest.lock */,
				157C6B5721EC5C3B009DF69A /* Sources */,
				157C6B5821EC5C3B009DF69A /* Frameworks */,
				157C6B5921EC5C3B009DF69A /* Resources */,
			);
			buildRules = (
			);
			dependencies = (
				157C6B5D21EC5C3B009DF69A /* PBXTargetDependency */,
			);
			name = LabScanTests;
			productName = LabScanTests;
			productReference = 157C6B5B21EC5C3B009DF69A /* LabScanTests.xctest */;
			productType = "com.apple.product-type.bundle.unit-test";
		};
		157C6B6521EC5C3B009DF69A /* LabScanUITests */ = {
			isa = PBXNativeTarget;
			buildConfigurationList = 157C6B7521EC5C3B009DF69A /* Build configuration list for PBXNativeTarget "LabScanUITests" */;
			buildPhases = (
				3795DCD53BC2ADE8B0A9782B /* [CP] Check Pods Manifest.lock */,
				157C6B6221EC5C3B009DF69A /* Sources */,
				157C6B6321EC5C3B009DF69A /* Frameworks */,
				157C6B6421EC5C3B009DF69A /* Resources */,
			);
			buildRules = (
			);
			dependencies = (
				157C6B6821EC5C3B009DF69A /* PBXTargetDependency */,
			);
			name = LabScanUITests;
			productName = LabScanUITests;
			productReference = 157C6B6621EC5C3B009DF69A /* LabScanUITests.xctest */;
			productType = "com.apple.product-type.bundle.ui-testing";
		};
/* End PBXNativeTarget section */

/* Begin PBXProject section */
		157C6B3C21EC5C39009DF69A /* Project object */ = {
			isa = PBXProject;
			attributes = {
				KnownAssetTags = (
					New,
				);
				LastSwiftUpdateCheck = 1010;
				LastUpgradeCheck = 1010;
				ORGANIZATIONNAME = Android;
				TargetAttributes = {
					157C6B4321EC5C39009DF69A = {
						CreatedOnToolsVersion = 10.1;
					};
					157C6B5A21EC5C3B009DF69A = {
						CreatedOnToolsVersion = 10.1;
						TestTargetID = 157C6B4321EC5C39009DF69A;
					};
					157C6B6521EC5C3B009DF69A = {
						CreatedOnToolsVersion = 10.1;
						TestTargetID = 157C6B4321EC5C39009DF69A;
					};
				};
			};
			buildConfigurationList = 157C6B3F21EC5C39009DF69A /* Build configuration list for PBXProject "LabScan" */;
			compatibilityVersion = "Xcode 9.3";
			developmentRegion = en;
			hasScannedForEncodings = 0;
			knownRegions = (
				en,
				Base,
			);
			mainGroup = 157C6B3B21EC5C39009DF69A;
			productRefGroup = 157C6B4521EC5C39009DF69A /* Products */;
			projectDirPath = "";
			projectRoot = "";
			targets = (
				157C6B4321EC5C39009DF69A /* LabScan */,
				157C6B5A21EC5C3B009DF69A /* LabScanTests */,
				157C6B6521EC5C3B009DF69A /* LabScanUITests */,
			);
		};
/* End PBXProject section */

/* Begin PBXResourcesBuildPhase section */
		157C6B4221EC5C39009DF69A /* Resources */ = {
			isa = PBXResourcesBuildPhase;
			buildActionMask = 2147483647;
			files = (
				157C6BC221EDB860009DF69A /* SukhumvitSet.ttc in Resources */,
				15CFCBE1220F094D00F6696F /* ScanVIewCell.xib in Resources */,
				157C6BD421EE6FEF009DF69A /* WalkThroughCollectionViewCell.xib in Resources */,
				157C6BC621EDE218009DF69A /* AppStoryboard.storyboard in Resources */,
				157C6B7D21EC8919009DF69A /* MainIpadStoryboard.storyboard in Resources */,
				157C6BD521EE6FEF009DF69A /* Walthrough.png in Resources */,
				150282972211AC2600D79F9D /* DetailCollectionCell.xib in Resources */,
				150282A322121E3F00D79F9D /* SearchObjectCell.xib in Resources */,
				152C5C6822108EC100811798 /* DetailImageCell.xib in Resources */,
				157C6B5521EC5C3A009DF69A /* LaunchScreen.storyboard in Resources */,
				157C6B7921EC81F6009DF69A /* GoogleService-Info.plist in Resources */,
				157C6B5221EC5C3A009DF69A /* Assets.xcassets in Resources */,
				157C6BCB21EE6ABD009DF69A /* MenuiPhoneCollectionViewCell.xib in Resources */,
				157C6B4D21EC5C39009DF69A /* Main.storyboard in Resources */,
				157C6B7B21EC8903009DF69A /* MainIphoneStoryboard.storyboard in Resources */,
			);
			runOnlyForDeploymentPostprocessing = 0;
		};
		157C6B5921EC5C3B009DF69A /* Resources */ = {
			isa = PBXResourcesBuildPhase;
			buildActionMask = 2147483647;
			files = (
			);
			runOnlyForDeploymentPostprocessing = 0;
		};
		157C6B6421EC5C3B009DF69A /* Resources */ = {
			isa = PBXResourcesBuildPhase;
			buildActionMask = 2147483647;
			files = (
			);
			runOnlyForDeploymentPostprocessing = 0;
		};
/* End PBXResourcesBuildPhase section */

/* Begin PBXShellScriptBuildPhase section */
		3795DCD53BC2ADE8B0A9782B /* [CP] Check Pods Manifest.lock */ = {
			isa = PBXShellScriptBuildPhase;
			buildActionMask = 2147483647;
			files = (
			);
			inputFileListPaths = (
			);
			inputPaths = (
				"${PODS_PODFILE_DIR_PATH}/Podfile.lock",
				"${PODS_ROOT}/Manifest.lock",
			);
			name = "[CP] Check Pods Manifest.lock";
			outputFileListPaths = (
			);
			outputPaths = (
				"$(DERIVED_FILE_DIR)/Pods-LabScanUITests-checkManifestLockResult.txt",
			);
			runOnlyForDeploymentPostprocessing = 0;
			shellPath = /bin/sh;
			shellScript = "diff \"${PODS_PODFILE_DIR_PATH}/Podfile.lock\" \"${PODS_ROOT}/Manifest.lock\" > /dev/null\nif [ $? != 0 ] ; then\n    # print error to STDERR\n    echo \"error: The sandbox is not in sync with the Podfile.lock. Run 'pod install' or update your CocoaPods installation.\" >&2\n    exit 1\nfi\n# This output is used by Xcode 'outputs' to avoid re-running this script phase.\necho \"SUCCESS\" > \"${SCRIPT_OUTPUT_FILE_0}\"\n";
			showEnvVarsInLog = 0;
		};
		3989832716DA435936C35503 /* [CP] Copy Pods Resources */ = {
			isa = PBXShellScriptBuildPhase;
			buildActionMask = 2147483647;
			files = (
			);
			inputFileListPaths = (
			);
			inputPaths = (
				"${SRCROOT}/Pods/Target Support Files/Pods-LabScan/Pods-LabScan-resources.sh",
				"${PODS_ROOT}/GoogleSignIn/Resources/GoogleSignIn.bundle",
			);
			name = "[CP] Copy Pods Resources";
			outputFileListPaths = (
			);
			outputPaths = (
				"${TARGET_BUILD_DIR}/${UNLOCALIZED_RESOURCES_FOLDER_PATH}/GoogleSignIn.bundle",
			);
			runOnlyForDeploymentPostprocessing = 0;
			shellPath = /bin/sh;
			shellScript = "\"${SRCROOT}/Pods/Target Support Files/Pods-LabScan/Pods-LabScan-resources.sh\"\n";
			showEnvVarsInLog = 0;
		};
		6149225C97B27A39482FD464 /* [CP] Check Pods Manifest.lock */ = {
			isa = PBXShellScriptBuildPhase;
			buildActionMask = 2147483647;
			files = (
			);
			inputFileListPaths = (
			);
			inputPaths = (
				"${PODS_PODFILE_DIR_PATH}/Podfile.lock",
				"${PODS_ROOT}/Manifest.lock",
			);
			name = "[CP] Check Pods Manifest.lock";
			outputFileListPaths = (
			);
			outputPaths = (
				"$(DERIVED_FILE_DIR)/Pods-LabScan-checkManifestLockResult.txt",
			);
			runOnlyForDeploymentPostprocessing = 0;
			shellPath = /bin/sh;
			shellScript = "diff \"${PODS_PODFILE_DIR_PATH}/Podfile.lock\" \"${PODS_ROOT}/Manifest.lock\" > /dev/null\nif [ $? != 0 ] ; then\n    # print error to STDERR\n    echo \"error: The sandbox is not in sync with the Podfile.lock. Run 'pod install' or update your CocoaPods installation.\" >&2\n    exit 1\nfi\n# This output is used by Xcode 'outputs' to avoid re-running this script phase.\necho \"SUCCESS\" > \"${SCRIPT_OUTPUT_FILE_0}\"\n";
			showEnvVarsInLog = 0;
		};
		999B6CC5D62808BD4AD5C31A /* [CP] Embed Pods Frameworks */ = {
			isa = PBXShellScriptBuildPhase;
			buildActionMask = 2147483647;
			files = (
			);
			inputFileListPaths = (
			);
			inputPaths = (
				"${SRCROOT}/Pods/Target Support Files/Pods-LabScan/Pods-LabScan-frameworks.sh",
				"${BUILT_PRODUCTS_DIR}/Alamofire/Alamofire.framework",
				"${BUILT_PRODUCTS_DIR}/AlamofireImage/AlamofireImage.framework",
				"${BUILT_PRODUCTS_DIR}/CenteredCollectionView/CenteredCollectionView.framework",
				"${BUILT_PRODUCTS_DIR}/GTMSessionFetcher/GTMSessionFetcher.framework",
				"${BUILT_PRODUCTS_DIR}/GoogleToolboxForMac/GoogleToolboxForMac.framework",
				"${BUILT_PRODUCTS_DIR}/GoogleUtilities/GoogleUtilities.framework",
				"${BUILT_PRODUCTS_DIR}/Hero/Hero.framework",
				"${BUILT_PRODUCTS_DIR}/Protobuf/Protobuf.framework",
				"${BUILT_PRODUCTS_DIR}/TORoundedTableView/TORoundedTableView.framework",
				"${BUILT_PRODUCTS_DIR}/UPCarouselFlowLayout/UPCarouselFlowLayout.framework",
				"${BUILT_PRODUCTS_DIR}/leveldb-library/leveldb.framework",
				"${BUILT_PRODUCTS_DIR}/nanopb/nanopb.framework",
			);
			name = "[CP] Embed Pods Frameworks";
			outputFileListPaths = (
			);
			outputPaths = (
				"${TARGET_BUILD_DIR}/${FRAMEWORKS_FOLDER_PATH}/Alamofire.framework",
				"${TARGET_BUILD_DIR}/${FRAMEWORKS_FOLDER_PATH}/AlamofireImage.framework",
				"${TARGET_BUILD_DIR}/${FRAMEWORKS_FOLDER_PATH}/CenteredCollectionView.framework",
				"${TARGET_BUILD_DIR}/${FRAMEWORKS_FOLDER_PATH}/GTMSessionFetcher.framework",
				"${TARGET_BUILD_DIR}/${FRAMEWORKS_FOLDER_PATH}/GoogleToolboxForMac.framework",
				"${TARGET_BUILD_DIR}/${FRAMEWORKS_FOLDER_PATH}/GoogleUtilities.framework",
				"${TARGET_BUILD_DIR}/${FRAMEWORKS_FOLDER_PATH}/Hero.framework",
				"${TARGET_BUILD_DIR}/${FRAMEWORKS_FOLDER_PATH}/Protobuf.framework",
				"${TARGET_BUILD_DIR}/${FRAMEWORKS_FOLDER_PATH}/TORoundedTableView.framework",
				"${TARGET_BUILD_DIR}/${FRAMEWORKS_FOLDER_PATH}/UPCarouselFlowLayout.framework",
				"${TARGET_BUILD_DIR}/${FRAMEWORKS_FOLDER_PATH}/leveldb.framework",
				"${TARGET_BUILD_DIR}/${FRAMEWORKS_FOLDER_PATH}/nanopb.framework",
			);
			runOnlyForDeploymentPostprocessing = 0;
			shellPath = /bin/sh;
			shellScript = "\"${SRCROOT}/Pods/Target Support Files/Pods-LabScan/Pods-LabScan-frameworks.sh\"\n";
			showEnvVarsInLog = 0;
		};
		F67B583773B54266C0784E6F /* [CP] Check Pods Manifest.lock */ = {
			isa = PBXShellScriptBuildPhase;
			buildActionMask = 2147483647;
			files = (
			);
			inputFileListPaths = (
			);
			inputPaths = (
				"${PODS_PODFILE_DIR_PATH}/Podfile.lock",
				"${PODS_ROOT}/Manifest.lock",
			);
			name = "[CP] Check Pods Manifest.lock";
			outputFileListPaths = (
			);
			outputPaths = (
				"$(DERIVED_FILE_DIR)/Pods-LabScanTests-checkManifestLockResult.txt",
			);
			runOnlyForDeploymentPostprocessing = 0;
			shellPath = /bin/sh;
			shellScript = "diff \"${PODS_PODFILE_DIR_PATH}/Podfile.lock\" \"${PODS_ROOT}/Manifest.lock\" > /dev/null\nif [ $? != 0 ] ; then\n    # print error to STDERR\n    echo \"error: The sandbox is not in sync with the Podfile.lock. Run 'pod install' or update your CocoaPods installation.\" >&2\n    exit 1\nfi\n# This output is used by Xcode 'outputs' to avoid re-running this script phase.\necho \"SUCCESS\" > \"${SCRIPT_OUTPUT_FILE_0}\"\n";
			showEnvVarsInLog = 0;
		};
/* End PBXShellScriptBuildPhase section */

/* Begin PBXSourcesBuildPhase section */
		157C6B4021EC5C39009DF69A /* Sources */ = {
			isa = PBXSourcesBuildPhase;
			buildActionMask = 2147483647;
			files = (
				15809964221332B60058E57B /* TestC.mlmodel in Sources */,
				157C6BD721EE7F08009DF69A /* TestViewController.swift in Sources */,
				157C6B8321EC8971009DF69A /* MainIphoneViewController.swift in Sources */,
				15CFCBD5220D735600F6696F /* CustomUIdevice.swift in Sources */,
				1580AFCB2209324E0052CBBF /* PreviewView.swift in Sources */,
				15E9CAC121F1B5E200E4083B /* CategoryViewController.swift in Sources */,
				152C5C6D2210B59700811798 /* CustomUIImageView.swift in Sources */,
				152C5C5F22107AFB00811798 /* DetailDescription.swift in Sources */,
				150282A722122EFB00D79F9D /* CustomStringProtocol.swift in Sources */,
				152C5C6722108EC100811798 /* DetailImageCell.swift in Sources */,
				1580995C221326F50058E57B /* LabScans.mlmodel in Sources */,
				15CFCBE0220F094D00F6696F /* ScanVIewCell.swift in Sources */,
				1502829022117BB800D79F9D /* ImagePreviewViewController.swift in Sources */,
				15E9CAC321F1B5F600E4083B /* HistoryViewController.swift in Sources */,
				150282A222121E3F00D79F9D /* SearchObjectCell.swift in Sources */,
				15CFCBD8220E1BFC00F6696F /* ScanCell.swift in Sources */,
				1580995A2213251F0058E57B /* LabScan.mlmodel in Sources */,
				15E9CAC921F1B62800E4083B /* FavoriteViewController.swift in Sources */,
				150727B521F15ED000667D13 /* TestAppViewController.swift in Sources */,
				157C6B4A21EC5C39009DF69A /* ViewController.swift in Sources */,
				15E9CAC521F1B60200E4083B /* ProfileViewController.swift in Sources */,
				1580996222132E600058E57B /* TestB.mlmodel in Sources */,
				15E9CAC721F1B61200E4083B /* ScanViewController.swift in Sources */,
				15D2DA722212B10500F98D76 /* SearchCollectionCell.swift in Sources */,
				15809966221344AB0058E57B /* CollectData.swift in Sources */,
				152CD244220F78D30011BCC0 /* DetailViewController.swift in Sources */,
				152CD25722103E200011BCC0 /* TableDetailTitle.swift in Sources */,
				15CFCBD3220D730F00F6696F /* CustomUIview.swift in Sources */,
				157C6BBF21ED9E25009DF69A /* MainConfig.swift in Sources */,
				157C6BD321EE6FEF009DF69A /* WalkThroughCollectionViewCell.swift in Sources */,
				157C6BCA21EE6ABD009DF69A /* MenuiPhoneCollectionViewCell.swift in Sources */,
				152C5C6B2210AD7D00811798 /* DetailMediaData.swift in Sources */,
				1502829B2211D6F600D79F9D /* CollectionData.swift in Sources */,
				150282922211ABEB00D79F9D /* DetailCollection.swift in Sources */,
				1580AFE5220963210052CBBF /* Inceptionv3.mlmodel in Sources */,
				157C6B8121EC8965009DF69A /* MainIpadViewController.swift in Sources */,
				15E9CABF21F1B5C900E4083B /* SearchViewController.swift in Sources */,
				157C6BD921EF10D6009DF69A /* MenuStruct.swift in Sources */,
				150282962211AC2600D79F9D /* DetailCollectionCell.swift in Sources */,
				1580995E221328800058E57B /* mLabScan.mlmodel in Sources */,
				150282A52212202000D79F9D /* ObjectCell.swift in Sources */,
				1580996022132C4A0058E57B /* TestA.mlmodel in Sources */,
				152C5C6122107FF100811798 /* CustomNavigationBar.swift in Sources */,
				150282992211BB9300D79F9D /* Colors.swift in Sources */,
				152C5C6322108D1100811798 /* DetailImage.swift in Sources */,
				157C6B4821EC5C39009DF69A /* AppDelegate.swift in Sources */,
				157C6BCE21EE6BD7009DF69A /* UPCarouselFlowLayout.swift in Sources */,
				1502829D22121D2000D79F9D /* ObjectData.swift in Sources */,
				152CD246221022840011BCC0 /* CustomUIscrollView.swift in Sources */,
				157C6B5021EC5C39009DF69A /* LabScan.xcdatamodeld in Sources */,
				15E9CACB21F1B65100E4083B /* CallCenter.swift in Sources */,
			);
			runOnlyForDeploymentPostprocessing = 0;
		};
		157C6B5721EC5C3B009DF69A /* Sources */ = {
			isa = PBXSourcesBuildPhase;
			buildActionMask = 2147483647;
			files = (
				157C6B6021EC5C3B009DF69A /* LabScanTests.swift in Sources */,
			);
			runOnlyForDeploymentPostprocessing = 0;
		};
		157C6B6221EC5C3B009DF69A /* Sources */ = {
			isa = PBXSourcesBuildPhase;
			buildActionMask = 2147483647;
			files = (
				157C6B6B21EC5C3B009DF69A /* LabScanUITests.swift in Sources */,
			);
			runOnlyForDeploymentPostprocessing = 0;
		};
/* End PBXSourcesBuildPhase section */

/* Begin PBXTargetDependency section */
		157C6B5D21EC5C3B009DF69A /* PBXTargetDependency */ = {
			isa = PBXTargetDependency;
			target = 157C6B4321EC5C39009DF69A /* LabScan */;
			targetProxy = 157C6B5C21EC5C3B009DF69A /* PBXContainerItemProxy */;
		};
		157C6B6821EC5C3B009DF69A /* PBXTargetDependency */ = {
			isa = PBXTargetDependency;
			target = 157C6B4321EC5C39009DF69A /* LabScan */;
			targetProxy = 157C6B6721EC5C3B009DF69A /* PBXContainerItemProxy */;
		};
/* End PBXTargetDependency section */

/* Begin PBXVariantGroup section */
		157C6B4B21EC5C39009DF69A /* Main.storyboard */ = {
			isa = PBXVariantGroup;
			children = (
				157C6B4C21EC5C39009DF69A /* Base */,
			);
			name = Main.storyboard;
			sourceTree = "<group>";
		};
		157C6B5321EC5C3A009DF69A /* LaunchScreen.storyboard */ = {
			isa = PBXVariantGroup;
			children = (
				157C6B5421EC5C3A009DF69A /* Base */,
			);
			name = LaunchScreen.storyboard;
			sourceTree = "<group>";
		};
/* End PBXVariantGroup section */

/* Begin XCBuildConfiguration section */
		157C6B6D21EC5C3B009DF69A /* Debug */ = {
			isa = XCBuildConfiguration;
			buildSettings = {
				ALWAYS_SEARCH_USER_PATHS = NO;
				CLANG_ANALYZER_NONNULL = YES;
				CLANG_ANALYZER_NUMBER_OBJECT_CONVERSION = YES_AGGRESSIVE;
				CLANG_CXX_LANGUAGE_STANDARD = "gnu++14";
				CLANG_CXX_LIBRARY = "libc++";
				CLANG_ENABLE_MODULES = YES;
				CLANG_ENABLE_OBJC_ARC = YES;
				CLANG_ENABLE_OBJC_WEAK = YES;
				CLANG_WARN_BLOCK_CAPTURE_AUTORELEASING = YES;
				CLANG_WARN_BOOL_CONVERSION = YES;
				CLANG_WARN_COMMA = YES;
				CLANG_WARN_CONSTANT_CONVERSION = YES;
				CLANG_WARN_DEPRECATED_OBJC_IMPLEMENTATIONS = YES;
				CLANG_WARN_DIRECT_OBJC_ISA_USAGE = YES_ERROR;
				CLANG_WARN_DOCUMENTATION_COMMENTS = YES;
				CLANG_WARN_EMPTY_BODY = YES;
				CLANG_WARN_ENUM_CONVERSION = YES;
				CLANG_WARN_INFINITE_RECURSION = YES;
				CLANG_WARN_INT_CONVERSION = YES;
				CLANG_WARN_NON_LITERAL_NULL_CONVERSION = YES;
				CLANG_WARN_OBJC_IMPLICIT_RETAIN_SELF = YES;
				CLANG_WARN_OBJC_LITERAL_CONVERSION = YES;
				CLANG_WARN_OBJC_ROOT_CLASS = YES_ERROR;
				CLANG_WARN_RANGE_LOOP_ANALYSIS = YES;
				CLANG_WARN_STRICT_PROTOTYPES = YES;
				CLANG_WARN_SUSPICIOUS_MOVE = YES;
				CLANG_WARN_UNGUARDED_AVAILABILITY = YES_AGGRESSIVE;
				CLANG_WARN_UNREACHABLE_CODE = YES;
				CLANG_WARN__DUPLICATE_METHOD_MATCH = YES;
				CODE_SIGN_IDENTITY = "iPhone Developer";
				COPY_PHASE_STRIP = NO;
				DEBUG_INFORMATION_FORMAT = dwarf;
				ENABLE_STRICT_OBJC_MSGSEND = YES;
				ENABLE_TESTABILITY = YES;
				GCC_C_LANGUAGE_STANDARD = gnu11;
				GCC_DYNAMIC_NO_PIC = NO;
				GCC_NO_COMMON_BLOCKS = YES;
				GCC_OPTIMIZATION_LEVEL = 0;
				GCC_PREPROCESSOR_DEFINITIONS = (
					"DEBUG=1",
					"$(inherited)",
				);
				GCC_WARN_64_TO_32_BIT_CONVERSION = YES;
				GCC_WARN_ABOUT_RETURN_TYPE = YES_ERROR;
				GCC_WARN_UNDECLARED_SELECTOR = YES;
				GCC_WARN_UNINITIALIZED_AUTOS = YES_AGGRESSIVE;
				GCC_WARN_UNUSED_FUNCTION = YES;
				GCC_WARN_UNUSED_VARIABLE = YES;
				IPHONEOS_DEPLOYMENT_TARGET = 12.1;
				MTL_ENABLE_DEBUG_INFO = INCLUDE_SOURCE;
				MTL_FAST_MATH = YES;
				ONLY_ACTIVE_ARCH = YES;
				SDKROOT = iphoneos;
				SWIFT_ACTIVE_COMPILATION_CONDITIONS = DEBUG;
				SWIFT_OPTIMIZATION_LEVEL = "-Onone";
			};
			name = Debug;
		};
		157C6B6E21EC5C3B009DF69A /* Release */ = {
			isa = XCBuildConfiguration;
			buildSettings = {
				ALWAYS_SEARCH_USER_PATHS = NO;
				CLANG_ANALYZER_NONNULL = YES;
				CLANG_ANALYZER_NUMBER_OBJECT_CONVERSION = YES_AGGRESSIVE;
				CLANG_CXX_LANGUAGE_STANDARD = "gnu++14";
				CLANG_CXX_LIBRARY = "libc++";
				CLANG_ENABLE_MODULES = YES;
				CLANG_ENABLE_OBJC_ARC = YES;
				CLANG_ENABLE_OBJC_WEAK = YES;
				CLANG_WARN_BLOCK_CAPTURE_AUTORELEASING = YES;
				CLANG_WARN_BOOL_CONVERSION = YES;
				CLANG_WARN_COMMA = YES;
				CLANG_WARN_CONSTANT_CONVERSION = YES;
				CLANG_WARN_DEPRECATED_OBJC_IMPLEMENTATIONS = YES;
				CLANG_WARN_DIRECT_OBJC_ISA_USAGE = YES_ERROR;
				CLANG_WARN_DOCUMENTATION_COMMENTS = YES;
				CLANG_WARN_EMPTY_BODY = YES;
				CLANG_WARN_ENUM_CONVERSION = YES;
				CLANG_WARN_INFINITE_RECURSION = YES;
				CLANG_WARN_INT_CONVERSION = YES;
				CLANG_WARN_NON_LITERAL_NULL_CONVERSION = YES;
				CLANG_WARN_OBJC_IMPLICIT_RETAIN_SELF = YES;
				CLANG_WARN_OBJC_LITERAL_CONVERSION = YES;
				CLANG_WARN_OBJC_ROOT_CLASS = YES_ERROR;
				CLANG_WARN_RANGE_LOOP_ANALYSIS = YES;
				CLANG_WARN_STRICT_PROTOTYPES = YES;
				CLANG_WARN_SUSPICIOUS_MOVE = YES;
				CLANG_WARN_UNGUARDED_AVAILABILITY = YES_AGGRESSIVE;
				CLANG_WARN_UNREACHABLE_CODE = YES;
				CLANG_WARN__DUPLICATE_METHOD_MATCH = YES;
				CODE_SIGN_IDENTITY = "iPhone Developer";
				COPY_PHASE_STRIP = NO;
				DEBUG_INFORMATION_FORMAT = "dwarf-with-dsym";
				ENABLE_NS_ASSERTIONS = NO;
				ENABLE_STRICT_OBJC_MSGSEND = YES;
				GCC_C_LANGUAGE_STANDARD = gnu11;
				GCC_NO_COMMON_BLOCKS = YES;
				GCC_WARN_64_TO_32_BIT_CONVERSION = YES;
				GCC_WARN_ABOUT_RETURN_TYPE = YES_ERROR;
				GCC_WARN_UNDECLARED_SELECTOR = YES;
				GCC_WARN_UNINITIALIZED_AUTOS = YES_AGGRESSIVE;
				GCC_WARN_UNUSED_FUNCTION = YES;
				GCC_WARN_UNUSED_VARIABLE = YES;
				IPHONEOS_DEPLOYMENT_TARGET = 12.1;
				MTL_ENABLE_DEBUG_INFO = NO;
				MTL_FAST_MATH = YES;
				SDKROOT = iphoneos;
				SWIFT_COMPILATION_MODE = wholemodule;
				SWIFT_OPTIMIZATION_LEVEL = "-O";
				VALIDATE_PRODUCT = YES;
			};
			name = Release;
		};
		157C6B7021EC5C3B009DF69A /* Debug */ = {
			isa = XCBuildConfiguration;
			baseConfigurationReference = 9885F414CFF6308D087F03CA /* Pods-LabScan.debug.xcconfig */;
			buildSettings = {
				ASSETCATALOG_COMPILER_APPICON_NAME = AppIcon;
				CODE_SIGN_STYLE = Automatic;
				DEVELOPMENT_TEAM = S665H3XLSU;
				INFOPLIST_FILE = LabScan/Info.plist;
				IPHONEOS_DEPLOYMENT_TARGET = 12.0;
				LD_RUNPATH_SEARCH_PATHS = (
					"$(inherited)",
					"@executable_path/Frameworks",
				);
				PRODUCT_BUNDLE_IDENTIFIER = melondev.LabScan;
				PRODUCT_NAME = "$(TARGET_NAME)";
				SWIFT_VERSION = 4.2;
				TARGETED_DEVICE_FAMILY = "1,2";
			};
			name = Debug;
		};
		157C6B7121EC5C3B009DF69A /* Release */ = {
			isa = XCBuildConfiguration;
			baseConfigurationReference = 198C3D8C23702A67FCCC9B7D /* Pods-LabScan.release.xcconfig */;
			buildSettings = {
				ASSETCATALOG_COMPILER_APPICON_NAME = AppIcon;
				CODE_SIGN_STYLE = Automatic;
				DEVELOPMENT_TEAM = S665H3XLSU;
				INFOPLIST_FILE = LabScan/Info.plist;
				IPHONEOS_DEPLOYMENT_TARGET = 12.0;
				LD_RUNPATH_SEARCH_PATHS = (
					"$(inherited)",
					"@executable_path/Frameworks",
				);
				PRODUCT_BUNDLE_IDENTIFIER = melondev.LabScan;
				PRODUCT_NAME = "$(TARGET_NAME)";
				SWIFT_VERSION = 4.2;
				TARGETED_DEVICE_FAMILY = "1,2";
			};
			name = Release;
		};
		157C6B7321EC5C3B009DF69A /* Debug */ = {
			isa = XCBuildConfiguration;
			baseConfigurationReference = 2CB6CA2764AB804C5A970217 /* Pods-LabScanTests.debug.xcconfig */;
			buildSettings = {
				ALWAYS_EMBED_SWIFT_STANDARD_LIBRARIES = YES;
				BUNDLE_LOADER = "$(TEST_HOST)";
				CODE_SIGN_STYLE = Automatic;
				INFOPLIST_FILE = LabScanTests/Info.plist;
				LD_RUNPATH_SEARCH_PATHS = (
					"$(inherited)",
					"@executable_path/Frameworks",
					"@loader_path/Frameworks",
				);
				PRODUCT_BUNDLE_IDENTIFIER = melondev.LabScanTests;
				PRODUCT_NAME = "$(TARGET_NAME)";
				SWIFT_VERSION = 4.2;
				TARGETED_DEVICE_FAMILY = "1,2";
				TEST_HOST = "$(BUILT_PRODUCTS_DIR)/LabScan.app/LabScan";
			};
			name = Debug;
		};
		157C6B7421EC5C3B009DF69A /* Release */ = {
			isa = XCBuildConfiguration;
			baseConfigurationReference = D294763341A62E27BB00F3E0 /* Pods-LabScanTests.release.xcconfig */;
			buildSettings = {
				ALWAYS_EMBED_SWIFT_STANDARD_LIBRARIES = YES;
				BUNDLE_LOADER = "$(TEST_HOST)";
				CODE_SIGN_STYLE = Automatic;
				INFOPLIST_FILE = LabScanTests/Info.plist;
				LD_RUNPATH_SEARCH_PATHS = (
					"$(inherited)",
					"@executable_path/Frameworks",
					"@loader_path/Frameworks",
				);
				PRODUCT_BUNDLE_IDENTIFIER = melondev.LabScanTests;
				PRODUCT_NAME = "$(TARGET_NAME)";
				SWIFT_VERSION = 4.2;
				TARGETED_DEVICE_FAMILY = "1,2";
				TEST_HOST = "$(BUILT_PRODUCTS_DIR)/LabScan.app/LabScan";
			};
			name = Release;
		};
		157C6B7621EC5C3B009DF69A /* Debug */ = {
			isa = XCBuildConfiguration;
			baseConfigurationReference = DC038018A224C53478E1A588 /* Pods-LabScanUITests.debug.xcconfig */;
			buildSettings = {
				ALWAYS_EMBED_SWIFT_STANDARD_LIBRARIES = YES;
				CODE_SIGN_STYLE = Automatic;
				INFOPLIST_FILE = LabScanUITests/Info.plist;
				LD_RUNPATH_SEARCH_PATHS = (
					"$(inherited)",
					"@executable_path/Frameworks",
					"@loader_path/Frameworks",
				);
				PRODUCT_BUNDLE_IDENTIFIER = melondev.LabScanUITests;
				PRODUCT_NAME = "$(TARGET_NAME)";
				SWIFT_VERSION = 4.2;
				TARGETED_DEVICE_FAMILY = "1,2";
				TEST_TARGET_NAME = LabScan;
			};
			name = Debug;
		};
		157C6B7721EC5C3B009DF69A /* Release */ = {
			isa = XCBuildConfiguration;
			baseConfigurationReference = 3D1918F19FB38C9E73A92553 /* Pods-LabScanUITests.release.xcconfig */;
			buildSettings = {
				ALWAYS_EMBED_SWIFT_STANDARD_LIBRARIES = YES;
				CODE_SIGN_STYLE = Automatic;
				INFOPLIST_FILE = LabScanUITests/Info.plist;
				LD_RUNPATH_SEARCH_PATHS = (
					"$(inherited)",
					"@executable_path/Frameworks",
					"@loader_path/Frameworks",
				);
				PRODUCT_BUNDLE_IDENTIFIER = melondev.LabScanUITests;
				PRODUCT_NAME = "$(TARGET_NAME)";
				SWIFT_VERSION = 4.2;
				TARGETED_DEVICE_FAMILY = "1,2";
				TEST_TARGET_NAME = LabScan;
			};
			name = Release;
		};
/* End XCBuildConfiguration section */

/* Begin XCConfigurationList section */
		157C6B3F21EC5C39009DF69A /* Build configuration list for PBXProject "LabScan" */ = {
			isa = XCConfigurationList;
			buildConfigurations = (
				157C6B6D21EC5C3B009DF69A /* Debug */,
				157C6B6E21EC5C3B009DF69A /* Release */,
			);
			defaultConfigurationIsVisible = 0;
			defaultConfigurationName = Release;
		};
		157C6B6F21EC5C3B009DF69A /* Build configuration list for PBXNativeTarget "LabScan" */ = {
			isa = XCConfigurationList;
			buildConfigurations = (
				157C6B7021EC5C3B009DF69A /* Debug */,
				157C6B7121EC5C3B009DF69A /* Release */,
			);
			defaultConfigurationIsVisible = 0;
			defaultConfigurationName = Release;
		};
		157C6B7221EC5C3B009DF69A /* Build configuration list for PBXNativeTarget "LabScanTests" */ = {
			isa = XCConfigurationList;
			buildConfigurations = (
				157C6B7321EC5C3B009DF69A /* Debug */,
				157C6B7421EC5C3B009DF69A /* Release */,
			);
			defaultConfigurationIsVisible = 0;
			defaultConfigurationName = Release;
		};
		157C6B7521EC5C3B009DF69A /* Build configuration list for PBXNativeTarget "LabScanUITests" */ = {
			isa = XCConfigurationList;
			buildConfigurations = (
				157C6B7621EC5C3B009DF69A /* Debug */,
				157C6B7721EC5C3B009DF69A /* Release */,
			);
			defaultConfigurationIsVisible = 0;
			defaultConfigurationName = Release;
		};
/* End XCConfigurationList section */

/* Begin XCVersionGroup section */
		157C6B4E21EC5C39009DF69A /* LabScan.xcdatamodeld */ = {
			isa = XCVersionGroup;
			children = (
				157C6B4F21EC5C39009DF69A /* LabScan.xcdatamodel */,
			);
			currentVersion = 157C6B4F21EC5C39009DF69A /* LabScan.xcdatamodel */;
			path = LabScan.xcdatamodeld;
			sourceTree = "<group>";
			versionGroupType = wrapper.xcdatamodel;
		};
/* End XCVersionGroup section */
	};
	rootObject = 157C6B3C21EC5C39009DF69A /* Project object */;
}
